// !$*UTF8*$!
{
	archiveVersion = 1;
	classes = {
	};
	objectVersion = 46;
	objects = {

/* Begin PBXBuildFile section */
		FA842FCD16333AD900321D05 /* AudioToolbox.framework in Frameworks */ = {isa = PBXBuildFile; fileRef = FA842FCC16333AD900321D05 /* AudioToolbox.framework */; };
		FA842FE9163354C300321D05 /* IntroViewController.m in Sources */ = {isa = PBXBuildFile; fileRef = FA842FE8163354C300321D05 /* IntroViewController.m */; };
		FA842FEB1633559700321D05 /* IntroViewController.xib in Resources */ = {isa = PBXBuildFile; fileRef = FA842FEA1633559700321D05 /* IntroViewController.xib */; };
		FA842FF216338AA000321D05 /* PauseViewController.m in Sources */ = {isa = PBXBuildFile; fileRef = FA842FF116338AA000321D05 /* PauseViewController.m */; };
		FA842FF416338BF200321D05 /* PauseViewController.xib in Resources */ = {isa = PBXBuildFile; fileRef = FA842FF316338BF200321D05 /* PauseViewController.xib */; };
		FA8430071634A3C200321D05 /* pause.png in Resources */ = {isa = PBXBuildFile; fileRef = FA8430061634A3C200321D05 /* pause.png */; };
		FA8430091634A6BD00321D05 /* QuartzCore.framework in Frameworks */ = {isa = PBXBuildFile; fileRef = FA8430081634A6BD00321D05 /* QuartzCore.framework */; };
		FA84302C1634AE4400321D05 /* Jackson.jpg in Resources */ = {isa = PBXBuildFile; fileRef = FA8430261634AE4400321D05 /* Jackson.jpg */; };
		FA84302D1634AE4400321D05 /* Kukoc.jpg in Resources */ = {isa = PBXBuildFile; fileRef = FA8430271634AE4400321D05 /* Kukoc.jpg */; };
		FA84302E1634AE4400321D05 /* Kerr.jpg in Resources */ = {isa = PBXBuildFile; fileRef = FA8430281634AE4400321D05 /* Kerr.jpg */; };
		FA84302F1634AE4400321D05 /* Rodman.jpg in Resources */ = {isa = PBXBuildFile; fileRef = FA8430291634AE4400321D05 /* Rodman.jpg */; };
		FA8430301634AE4400321D05 /* Pippen.jpg in Resources */ = {isa = PBXBuildFile; fileRef = FA84302A1634AE4400321D05 /* Pippen.jpg */; };
		FA8430321634B00500321D05 /* bulls_profile.jpg in Resources */ = {isa = PBXBuildFile; fileRef = FA8430311634B00500321D05 /* bulls_profile.jpg */; };
		FA8430361634B1FA00321D05 /* bulls_logo.png in Resources */ = {isa = PBXBuildFile; fileRef = FA8430351634B1FA00321D05 /* bulls_logo.png */; };
		FA9368731630BCF5006C2722 /* UIKit.framework in Frameworks */ = {isa = PBXBuildFile; fileRef = FA9368721630BCF5006C2722 /* UIKit.framework */; };
		FA9368751630BCF5006C2722 /* Foundation.framework in Frameworks */ = {isa = PBXBuildFile; fileRef = FA9368741630BCF5006C2722 /* Foundation.framework */; };
		FA9368771630BCF5006C2722 /* CoreGraphics.framework in Frameworks */ = {isa = PBXBuildFile; fileRef = FA9368761630BCF5006C2722 /* CoreGraphics.framework */; };
		FA93687D1630BCF5006C2722 /* InfoPlist.strings in Resources */ = {isa = PBXBuildFile; fileRef = FA93687B1630BCF5006C2722 /* InfoPlist.strings */; };
		FA93687F1630BCF5006C2722 /* main.m in Sources */ = {isa = PBXBuildFile; fileRef = FA93687E1630BCF5006C2722 /* main.m */; };
		FA9368831630BCF5006C2722 /* AppDelegate.m in Sources */ = {isa = PBXBuildFile; fileRef = FA9368821630BCF5006C2722 /* AppDelegate.m */; };
		FA9368851630BCF5006C2722 /* Default.png in Resources */ = {isa = PBXBuildFile; fileRef = FA9368841630BCF5006C2722 /* Default.png */; };
		FA9368871630BCF5006C2722 /* Default@2x.png in Resources */ = {isa = PBXBuildFile; fileRef = FA9368861630BCF5006C2722 /* Default@2x.png */; };
		FA9368891630BCF5006C2722 /* Default-568h@2x.png in Resources */ = {isa = PBXBuildFile; fileRef = FA9368881630BCF5006C2722 /* Default-568h@2x.png */; };
		FA93688C1630BCF5006C2722 /* GameViewController.m in Sources */ = {isa = PBXBuildFile; fileRef = FA93688B1630BCF5006C2722 /* GameViewController.m */; };
		FA93688F1630BCF5006C2722 /* GameViewController.xib in Resources */ = {isa = PBXBuildFile; fileRef = FA93688D1630BCF5006C2722 /* GameViewController.xib */; };
		FA9368971630E5FA006C2722 /* CardImageView.m in Sources */ = {isa = PBXBuildFile; fileRef = FA9368961630E5FA006C2722 /* CardImageView.m */; };
		FA93689C16310971006C2722 /* Jordan.jpg in Resources */ = {isa = PBXBuildFile; fileRef = FA93689B16310971006C2722 /* Jordan.jpg */; };
/* End PBXBuildFile section */

/* Begin PBXFileReference section */
		FA842FCC16333AD900321D05 /* AudioToolbox.framework */ = {isa = PBXFileReference; lastKnownFileType = wrapper.framework; name = AudioToolbox.framework; path = System/Library/Frameworks/AudioToolbox.framework; sourceTree = SDKROOT; };
		FA842FE7163354C300321D05 /* IntroViewController.h */ = {isa = PBXFileReference; fileEncoding = 4; lastKnownFileType = sourcecode.c.h; path = IntroViewController.h; sourceTree = "<group>"; };
		FA842FE8163354C300321D05 /* IntroViewController.m */ = {isa = PBXFileReference; fileEncoding = 4; lastKnownFileType = sourcecode.c.objc; path = IntroViewController.m; sourceTree = "<group>"; };
		FA842FEA1633559700321D05 /* IntroViewController.xib */ = {isa = PBXFileReference; fileEncoding = 4; lastKnownFileType = file.xib; path = IntroViewController.xib; sourceTree = "<group>"; };
		FA842FF016338AA000321D05 /* PauseViewController.h */ = {isa = PBXFileReference; fileEncoding = 4; lastKnownFileType = sourcecode.c.h; path = PauseViewController.h; sourceTree = "<group>"; };
		FA842FF116338AA000321D05 /* PauseViewController.m */ = {isa = PBXFileReference; fileEncoding = 4; lastKnownFileType = sourcecode.c.objc; path = PauseViewController.m; sourceTree = "<group>"; };
		FA842FF316338BF200321D05 /* PauseViewController.xib */ = {isa = PBXFileReference; fileEncoding = 4; lastKnownFileType = file.xib; path = PauseViewController.xib; sourceTree = "<group>"; };
		FA8430061634A3C200321D05 /* pause.png */ = {isa = PBXFileReference; lastKnownFileType = image.png; name = pause.png; path = Images/pause.png; sourceTree = "<group>"; };
		FA8430081634A6BD00321D05 /* QuartzCore.framework */ = {isa = PBXFileReference; lastKnownFileType = wrapper.framework; name = QuartzCore.framework; path = System/Library/Frameworks/QuartzCore.framework; sourceTree = SDKROOT; };
		FA8430261634AE4400321D05 /* Jackson.jpg */ = {isa = PBXFileReference; lastKnownFileType = image.jpeg; name = Jackson.jpg; path = Images/Jackson.jpg; sourceTree = "<group>"; };
		FA8430271634AE4400321D05 /* Kukoc.jpg */ = {isa = PBXFileReference; lastKnownFileType = image.jpeg; name = Kukoc.jpg; path = Images/Kukoc.jpg; sourceTree = "<group>"; };
		FA8430281634AE4400321D05 /* Kerr.jpg */ = {isa = PBXFileReference; lastKnownFileType = image.jpeg; name = Kerr.jpg; path = Images/Kerr.jpg; sourceTree = "<group>"; };
		FA8430291634AE4400321D05 /* Rodman.jpg */ = {isa = PBXFileReference; lastKnownFileType = image.jpeg; name = Rodman.jpg; path = Images/Rodman.jpg; sourceTree = "<group>"; };
		FA84302A1634AE4400321D05 /* Pippen.jpg */ = {isa = PBXFileReference; lastKnownFileType = image.jpeg; name = Pippen.jpg; path = Images/Pippen.jpg; sourceTree = "<group>"; };
		FA8430311634B00500321D05 /* bulls_profile.jpg */ = {isa = PBXFileReference; lastKnownFileType = image.jpeg; name = bulls_profile.jpg; path = Images/bulls_profile.jpg; sourceTree = "<group>"; };
		FA8430351634B1FA00321D05 /* bulls_logo.png */ = {isa = PBXFileReference; lastKnownFileType = image.png; name = bulls_logo.png; path = Images/bulls_logo.png; sourceTree = "<group>"; };
		FA93686E1630BCF5006C2722 /* memory_game.app */ = {isa = PBXFileReference; explicitFileType = wrapper.application; includeInIndex = 0; path = memory_game.app; sourceTree = BUILT_PRODUCTS_DIR; };
		FA9368721630BCF5006C2722 /* UIKit.framework */ = {isa = PBXFileReference; lastKnownFileType = wrapper.framework; name = UIKit.framework; path = System/Library/Frameworks/UIKit.framework; sourceTree = SDKROOT; };
		FA9368741630BCF5006C2722 /* Foundation.framework */ = {isa = PBXFileReference; lastKnownFileType = wrapper.framework; name = Foundation.framework; path = System/Library/Frameworks/Foundation.framework; sourceTree = SDKROOT; };
		FA9368761630BCF5006C2722 /* CoreGraphics.framework */ = {isa = PBXFileReference; lastKnownFileType = wrapper.framework; name = CoreGraphics.framework; path = System/Library/Frameworks/CoreGraphics.framework; sourceTree = SDKROOT; };
		FA93687A1630BCF5006C2722 /* memory_game-Info.plist */ = {isa = PBXFileReference; lastKnownFileType = text.plist.xml; path = "memory_game-Info.plist"; sourceTree = "<group>"; };
		FA93687C1630BCF5006C2722 /* en */ = {isa = PBXFileReference; lastKnownFileType = text.plist.strings; name = en; path = en.lproj/InfoPlist.strings; sourceTree = "<group>"; };
		FA93687E1630BCF5006C2722 /* main.m */ = {isa = PBXFileReference; lastKnownFileType = sourcecode.c.objc; path = main.m; sourceTree = "<group>"; };
		FA9368801630BCF5006C2722 /* memory_game-Prefix.pch */ = {isa = PBXFileReference; lastKnownFileType = sourcecode.c.h; path = "memory_game-Prefix.pch"; sourceTree = "<group>"; };
		FA9368811630BCF5006C2722 /* AppDelegate.h */ = {isa = PBXFileReference; lastKnownFileType = sourcecode.c.h; path = AppDelegate.h; sourceTree = "<group>"; };
		FA9368821630BCF5006C2722 /* AppDelegate.m */ = {isa = PBXFileReference; lastKnownFileType = sourcecode.c.objc; path = AppDelegate.m; sourceTree = "<group>"; };
		FA9368841630BCF5006C2722 /* Default.png */ = {isa = PBXFileReference; lastKnownFileType = image.png; path = Default.png; sourceTree = "<group>"; };
		FA9368861630BCF5006C2722 /* Default@2x.png */ = {isa = PBXFileReference; lastKnownFileType = image.png; path = "Default@2x.png"; sourceTree = "<group>"; };
		FA9368881630BCF5006C2722 /* Default-568h@2x.png */ = {isa = PBXFileReference; lastKnownFileType = image.png; path = "Default-568h@2x.png"; sourceTree = "<group>"; };
		FA93688A1630BCF5006C2722 /* GameViewController.h */ = {isa = PBXFileReference; lastKnownFileType = sourcecode.c.h; path = GameViewController.h; sourceTree = "<group>"; };
		FA93688B1630BCF5006C2722 /* GameViewController.m */ = {isa = PBXFileReference; lastKnownFileType = sourcecode.c.objc; path = GameViewController.m; sourceTree = "<group>"; };
		FA93688E1630BCF5006C2722 /* en */ = {isa = PBXFileReference; lastKnownFileType = file.xib; name = en; path = en.lproj/GameViewController.xib; sourceTree = "<group>"; };
		FA9368951630E5FA006C2722 /* CardImageView.h */ = {isa = PBXFileReference; fileEncoding = 4; lastKnownFileType = sourcecode.c.h; path = CardImageView.h; sourceTree = "<group>"; };
		FA9368961630E5FA006C2722 /* CardImageView.m */ = {isa = PBXFileReference; fileEncoding = 4; lastKnownFileType = sourcecode.c.objc; path = CardImageView.m; sourceTree = "<group>"; };
		FA93689B16310971006C2722 /* Jordan.jpg */ = {isa = PBXFileReference; lastKnownFileType = image.jpeg; name = Jordan.jpg; path = Images/Jordan.jpg; sourceTree = "<group>"; };
		FA9895F4163645C200CAC3E0 /* ResumeGameDelegate.h */ = {isa = PBXFileReference; lastKnownFileType = sourcecode.c.h; path = ResumeGameDelegate.h; sourceTree = "<group>"; };
/* End PBXFileReference section */

/* Begin PBXFrameworksBuildPhase section */
		FA93686B1630BCF5006C2722 /* Frameworks */ = {
			isa = PBXFrameworksBuildPhase;
			buildActionMask = 2147483647;
			files = (
				FA8430091634A6BD00321D05 /* QuartzCore.framework in Frameworks */,
				FA842FCD16333AD900321D05 /* AudioToolbox.framework in Frameworks */,
				FA9368731630BCF5006C2722 /* UIKit.framework in Frameworks */,
				FA9368751630BCF5006C2722 /* Foundation.framework in Frameworks */,
				FA9368771630BCF5006C2722 /* CoreGraphics.framework in Frameworks */,
			);
			runOnlyForDeploymentPostprocessing = 0;
		};
/* End PBXFrameworksBuildPhase section */

/* Begin PBXGroup section */
		FA9368631630BCF5006C2722 = {
			isa = PBXGroup;
			children = (
				FA9368781630BCF5006C2722 /* memory_game */,
				FA93689A1630EC0F006C2722 /* Images */,
				FA9368711630BCF5006C2722 /* Frameworks */,
				FA93686F1630BCF5006C2722 /* Products */,
			);
			sourceTree = "<group>";
		};
		FA93686F1630BCF5006C2722 /* Products */ = {
			isa = PBXGroup;
			children = (
				FA93686E1630BCF5006C2722 /* memory_game.app */,
			);
			name = Products;
			sourceTree = "<group>";
		};
		FA9368711630BCF5006C2722 /* Frameworks */ = {
			isa = PBXGroup;
			children = (
				FA8430081634A6BD00321D05 /* QuartzCore.framework */,
				FA842FCC16333AD900321D05 /* AudioToolbox.framework */,
				FA9368721630BCF5006C2722 /* UIKit.framework */,
				FA9368741630BCF5006C2722 /* Foundation.framework */,
				FA9368761630BCF5006C2722 /* CoreGraphics.framework */,
			);
			name = Frameworks;
			sourceTree = "<group>";
		};
		FA9368781630BCF5006C2722 /* memory_game */ = {
			isa = PBXGroup;
			children = (
				FA9368811630BCF5006C2722 /* AppDelegate.h */,
				FA9368821630BCF5006C2722 /* AppDelegate.m */,
				FA842FE7163354C300321D05 /* IntroViewController.h */,
				FA842FE8163354C300321D05 /* IntroViewController.m */,
				FA842FEA1633559700321D05 /* IntroViewController.xib */,
				FA842FF016338AA000321D05 /* PauseViewController.h */,
				FA842FF116338AA000321D05 /* PauseViewController.m */,
				FA842FF316338BF200321D05 /* PauseViewController.xib */,
				FA93688A1630BCF5006C2722 /* GameViewController.h */,
				FA93688B1630BCF5006C2722 /* GameViewController.m */,
				FA93688D1630BCF5006C2722 /* GameViewController.xib */,
				FA9368951630E5FA006C2722 /* CardImageView.h */,
				FA9368961630E5FA006C2722 /* CardImageView.m */,
				FA9895F4163645C200CAC3E0 /* ResumeGameDelegate.h */,
				FA9368791630BCF5006C2722 /* Supporting Files */,
			);
			path = memory_game;
			sourceTree = "<group>";
		};
		FA9368791630BCF5006C2722 /* Supporting Files */ = {
			isa = PBXGroup;
			children = (
				FA93687A1630BCF5006C2722 /* memory_game-Info.plist */,
				FA93687B1630BCF5006C2722 /* InfoPlist.strings */,
				FA93687E1630BCF5006C2722 /* main.m */,
				FA9368801630BCF5006C2722 /* memory_game-Prefix.pch */,
				FA9368841630BCF5006C2722 /* Default.png */,
				FA9368861630BCF5006C2722 /* Default@2x.png */,
				FA9368881630BCF5006C2722 /* Default-568h@2x.png */,
			);
			name = "Supporting Files";
			sourceTree = "<group>";
		};
		FA93689A1630EC0F006C2722 /* Images */ = {
			isa = PBXGroup;
			children = (
				FA8430351634B1FA00321D05 /* bulls_logo.png */,
				FA8430311634B00500321D05 /* bulls_profile.jpg */,
				FA8430261634AE4400321D05 /* Jackson.jpg */,
				FA8430271634AE4400321D05 /* Kukoc.jpg */,
				FA8430281634AE4400321D05 /* Kerr.jpg */,
				FA8430291634AE4400321D05 /* Rodman.jpg */,
				FA84302A1634AE4400321D05 /* Pippen.jpg */,
				FA8430061634A3C200321D05 /* pause.png */,
				FA93689B16310971006C2722 /* Jordan.jpg */,
			);
			name = Images;
			path = memory_game;
			sourceTree = "<group>";
		};
/* End PBXGroup section */

/* Begin PBXNativeTarget section */
		FA93686D1630BCF5006C2722 /* memory_game */ = {
			isa = PBXNativeTarget;
			buildConfigurationList = FA9368921630BCF5006C2722 /* Build configuration list for PBXNativeTarget "memory_game" */;
			buildPhases = (
				FA93686A1630BCF5006C2722 /* Sources */,
				FA93686B1630BCF5006C2722 /* Frameworks */,
				FA93686C1630BCF5006C2722 /* Resources */,
			);
			buildRules = (
			);
			dependencies = (
			);
			name = memory_game;
			productName = memory_game;
			productReference = FA93686E1630BCF5006C2722 /* memory_game.app */;
			productType = "com.apple.product-type.application";
		};
/* End PBXNativeTarget section */

/* Begin PBXProject section */
		FA9368651630BCF5006C2722 /* Project object */ = {
			isa = PBXProject;
			attributes = {
				LastUpgradeCheck = 0450;
				ORGANIZATIONNAME = "Alex Hsieh";
			};
			buildConfigurationList = FA9368681630BCF5006C2722 /* Build configuration list for PBXProject "memory_game" */;
			compatibilityVersion = "Xcode 3.2";
			developmentRegion = English;
			hasScannedForEncodings = 0;
			knownRegions = (
				en,
			);
			mainGroup = FA9368631630BCF5006C2722;
			productRefGroup = FA93686F1630BCF5006C2722 /* Products */;
			projectDirPath = "";
			projectRoot = "";
			targets = (
				FA93686D1630BCF5006C2722 /* memory_game */,
			);
		};
/* End PBXProject section */

/* Begin PBXResourcesBuildPhase section */
		FA93686C1630BCF5006C2722 /* Resources */ = {
			isa = PBXResourcesBuildPhase;
			buildActionMask = 2147483647;
			files = (
				FA93687D1630BCF5006C2722 /* InfoPlist.strings in Resources */,
				FA9368851630BCF5006C2722 /* Default.png in Resources */,
				FA9368871630BCF5006C2722 /* Default@2x.png in Resources */,
				FA9368891630BCF5006C2722 /* Default-568h@2x.png in Resources */,
				FA93688F1630BCF5006C2722 /* GameViewController.xib in Resources */,
				FA93689C16310971006C2722 /* Jordan.jpg in Resources */,
				FA842FEB1633559700321D05 /* IntroViewController.xib in Resources */,
				FA842FF416338BF200321D05 /* PauseViewController.xib in Resources */,
				FA8430071634A3C200321D05 /* pause.png in Resources */,
				FA84302C1634AE4400321D05 /* Jackson.jpg in Resources */,
				FA84302D1634AE4400321D05 /* Kukoc.jpg in Resources */,
				FA84302E1634AE4400321D05 /* Kerr.jpg in Resources */,
				FA84302F1634AE4400321D05 /* Rodman.jpg in Resources */,
				FA8430301634AE4400321D05 /* Pippen.jpg in Resources */,
				FA8430321634B00500321D05 /* bulls_profile.jpg in Resources */,
				FA8430361634B1FA00321D05 /* bulls_logo.png in Resources */,
			);
			runOnlyForDeploymentPostprocessing = 0;
		};
/* End PBXResourcesBuildPhase section */

/* Begin PBXSourcesBuildPhase section */
		FA93686A1630BCF5006C2722 /* Sources */ = {
			isa = PBXSourcesBuildPhase;
			buildActionMask = 2147483647;
			files = (
				FA93687F1630BCF5006C2722 /* main.m in Sources */,
				FA9368831630BCF5006C2722 /* AppDelegate.m in Sources */,
				FA93688C1630BCF5006C2722 /* GameViewController.m in Sources */,
				FA9368971630E5FA006C2722 /* CardImageView.m in Sources */,
				FA842FE9163354C300321D05 /* IntroViewController.m in Sources */,
				FA842FF216338AA000321D05 /* PauseViewController.m in Sources */,
			);
			runOnlyForDeploymentPostprocessing = 0;
		};
/* End PBXSourcesBuildPhase section */

/* Begin PBXVariantGroup section */
		FA93687B1630BCF5006C2722 /* InfoPlist.strings */ = {
			isa = PBXVariantGroup;
			children = (
				FA93687C1630BCF5006C2722 /* en */,
			);
			name = InfoPlist.strings;
			sourceTree = "<group>";
		};
		FA93688D1630BCF5006C2722 /* GameViewController.xib */ = {
			isa = PBXVariantGroup;
			children = (
				FA93688E1630BCF5006C2722 /* en */,
			);
			name = GameViewController.xib;
			sourceTree = "<group>";
		};
/* End PBXVariantGroup section */

/* Begin XCBuildConfiguration section */
		FA9368901630BCF5006C2722 /* Debug */ = {
			isa = XCBuildConfiguration;
			buildSettings = {
				ALWAYS_SEARCH_USER_PATHS = NO;
				CLANG_CXX_LANGUAGE_STANDARD = "gnu++0x";
				CLANG_CXX_LIBRARY = "libc++";
				CLANG_WARN_EMPTY_BODY = YES;
				CLANG_WARN__DUPLICATE_METHOD_MATCH = YES;
				"CODE_SIGN_IDENTITY[sdk=iphoneos*]" = "iPhone Developer";
				COPY_PHASE_STRIP = NO;
				GCC_C_LANGUAGE_STANDARD = gnu99;
				GCC_DYNAMIC_NO_PIC = NO;
				GCC_OPTIMIZATION_LEVEL = 0;
				GCC_PREPROCESSOR_DEFINITIONS = (
					"DEBUG=1",
					"$(inherited)",
				);
				GCC_SYMBOLS_PRIVATE_EXTERN = NO;
				GCC_WARN_ABOUT_RETURN_TYPE = YES;
				GCC_WARN_UNINITIALIZED_AUTOS = YES;
				GCC_WARN_UNUSED_VARIABLE = YES;
				IPHONEOS_DEPLOYMENT_TARGET = 6.0;
				ONLY_ACTIVE_ARCH = YES;
				SDKROOT = iphoneos;
			};
			name = Debug;
		};
		FA9368911630BCF5006C2722 /* Release */ = {
			isa = XCBuildConfiguration;
			buildSettings = {
				ALWAYS_SEARCH_USER_PATHS = NO;
				CLANG_CXX_LANGUAGE_STANDARD = "gnu++0x";
				CLANG_CXX_LIBRARY = "libc++";
				CLANG_WARN_EMPTY_BODY = YES;
				CLANG_WARN__DUPLICATE_METHOD_MATCH = YES;
				"CODE_SIGN_IDENTITY[sdk=iphoneos*]" = "iPhone Developer";
				COPY_PHASE_STRIP = YES;
				GCC_C_LANGUAGE_STANDARD = gnu99;
				GCC_WARN_ABOUT_RETURN_TYPE = YES;
				GCC_WARN_UNINITIALIZED_AUTOS = YES;
				GCC_WARN_UNUSED_VARIABLE = YES;
				IPHONEOS_DEPLOYMENT_TARGET = 6.0;
				OTHER_CFLAGS = "-DNS_BLOCK_ASSERTIONS=1";
				SDKROOT = iphoneos;
				VALIDATE_PRODUCT = YES;
			};
			name = Release;
		};
		FA9368931630BCF5006C2722 /* Debug */ = {
			isa = XCBuildConfiguration;
			buildSettings = {
				GCC_PRECOMPILE_PREFIX_HEADER = YES;
				GCC_PREFIX_HEADER = "memory_game/memory_game-Prefix.pch";
				INFOPLIST_FILE = "memory_game/memory_game-Info.plist";
				PRODUCT_NAME = "$(TARGET_NAME)";
				WRAPPER_EXTENSION = app;
			};
			name = Debug;
		};
		FA9368941630BCF5006C2722 /* Release */ = {
			isa = XCBuildConfiguration;
			buildSettings = {
				GCC_PRECOMPILE_PREFIX_HEADER = YES;
				GCC_PREFIX_HEADER = "memory_game/memory_game-Prefix.pch";
				INFOPLIST_FILE = "memory_game/memory_game-Info.plist";
				PRODUCT_NAME = "$(TARGET_NAME)";
				WRAPPER_EXTENSION = app;
			};
			name = Release;
		};
/* End XCBuildConfiguration section */

/* Begin XCConfigurationList section */
		FA9368681630BCF5006C2722 /* Build configuration list for PBXProject "memory_game" */ = {
			isa = XCConfigurationList;
			buildConfigurations = (
				FA9368901630BCF5006C2722 /* Debug */,
				FA9368911630BCF5006C2722 /* Release */,
			);
			defaultConfigurationIsVisible = 0;
			defaultConfigurationName = Release;
		};
		FA9368921630BCF5006C2722 /* Build configuration list for PBXNativeTarget "memory_game" */ = {
			isa = XCConfigurationList;
			buildConfigurations = (
				FA9368931630BCF5006C2722 /* Debug */,
				FA9368941630BCF5006C2722 /* Release */,
			);
			defaultConfigurationIsVisible = 0;
			defaultConfigurationName = Release;
		};
/* End XCConfigurationList section */
	};
	rootObject = FA9368651630BCF5006C2722 /* Project object */;
}
